// !$*UTF8*$!
{
	archiveVersion = 1;
	classes = {
	};
	objectVersion = 46;
	objects = {

/* Begin PBXBuildFile section */
		91D4DD011D8999A300AE4D58 /* AppDelegate.swift in Sources */ = {isa = PBXBuildFile; fileRef = 91D4DD001D8999A300AE4D58 /* AppDelegate.swift */; };
		91D4DD031D8999A300AE4D58 /* ViewController.swift in Sources */ = {isa = PBXBuildFile; fileRef = 91D4DD021D8999A300AE4D58 /* ViewController.swift */; };
		91D4DD061D8999A300AE4D58 /* Main.storyboard in Resources */ = {isa = PBXBuildFile; fileRef = 91D4DD041D8999A300AE4D58 /* Main.storyboard */; };
		91D4DD091D8999A300AE4D58 /* Weathery.xcdatamodeld in Sources */ = {isa = PBXBuildFile; fileRef = 91D4DD071D8999A300AE4D58 /* Weathery.xcdatamodeld */; };
		91D4DD0B1D8999A300AE4D58 /* Assets.xcassets in Resources */ = {isa = PBXBuildFile; fileRef = 91D4DD0A1D8999A300AE4D58 /* Assets.xcassets */; };
		91D4DD0E1D8999A300AE4D58 /* LaunchScreen.storyboard in Resources */ = {isa = PBXBuildFile; fileRef = 91D4DD0C1D8999A300AE4D58 /* LaunchScreen.storyboard */; };
/* End PBXBuildFile section */

/* Begin PBXFileReference section */
		91D4DCFD1D8999A300AE4D58 /* Weathery.app */ = {isa = PBXFileReference; explicitFileType = wrapper.application; includeInIndex = 0; path = Weathery.app; sourceTree = BUILT_PRODUCTS_DIR; };
		91D4DD001D8999A300AE4D58 /* AppDelegate.swift */ = {isa = PBXFileReference; lastKnownFileType = sourcecode.swift; path = AppDelegate.swift; sourceTree = "<group>"; };
		91D4DD021D8999A300AE4D58 /* ViewController.swift */ = {isa = PBXFileReference; lastKnownFileType = sourcecode.swift; path = ViewController.swift; sourceTree = "<group>"; };
		91D4DD051D8999A300AE4D58 /* Base */ = {isa = PBXFileReference; lastKnownFileType = file.storyboard; name = Base; path = Base.lproj/Main.storyboard; sourceTree = "<group>"; };
		91D4DD081D8999A300AE4D58 /* Weathery.xcdatamodel */ = {isa = PBXFileReference; lastKnownFileType = wrapper.xcdatamodel; path = Weathery.xcdatamodel; sourceTree = "<group>"; };
		91D4DD0A1D8999A300AE4D58 /* Assets.xcassets */ = {isa = PBXFileReference; lastKnownFileType = folder.assetcatalog; path = Assets.xcassets; sourceTree = "<group>"; };
		91D4DD0D1D8999A300AE4D58 /* Base */ = {isa = PBXFileReference; lastKnownFileType = file.storyboard; name = Base; path = Base.lproj/LaunchScreen.storyboard; sourceTree = "<group>"; };
		91D4DD0F1D8999A300AE4D58 /* Info.plist */ = {isa = PBXFileReference; lastKnownFileType = text.plist.xml; path = Info.plist; sourceTree = "<group>"; };
/* End PBXFileReference section */

/* Begin PBXFrameworksBuildPhase section */
		91D4DCFA1D8999A300AE4D58 /* Frameworks */ = {
			isa = PBXFrameworksBuildPhase;
			buildActionMask = 2147483647;
			files = (
			);
			runOnlyForDeploymentPostprocessing = 0;
		};
/* End PBXFrameworksBuildPhase section */

/* Begin PBXGroup section */
		91D4DCF41D8999A300AE4D58 = {
			isa = PBXGroup;
			children = (
				91D4DCFF1D8999A300AE4D58 /* Weathery */,
				91D4DCFE1D8999A300AE4D58 /* Products */,
			);
			sourceTree = "<group>";
		};
		91D4DCFE1D8999A300AE4D58 /* Products */ = {
			isa = PBXGroup;
			children = (
				91D4DCFD1D8999A300AE4D58 /* Weathery.app */,
			);
			name = Products;
			sourceTree = "<group>";
		};
		91D4DCFF1D8999A300AE4D58 /* Weathery */ = {
			isa = PBXGroup;
			children = (
				91D4DD001D8999A300AE4D58 /* AppDelegate.swift */,
				91D4DD021D8999A300AE4D58 /* ViewController.swift */,
				91D4DD041D8999A300AE4D58 /* Main.storyboard */,
				91D4DD0A1D8999A300AE4D58 /* Assets.xcassets */,
				91D4DD0C1D8999A300AE4D58 /* LaunchScreen.storyboard */,
				91D4DD0F1D8999A300AE4D58 /* Info.plist */,
				91D4DD071D8999A300AE4D58 /* Weathery.xcdatamodeld */,
			);
			path = Weathery;
			sourceTree = "<group>";
		};
/* End PBXGroup section */

/* Begin PBXNativeTarget section */
		91D4DCFC1D8999A300AE4D58 /* Weathery */ = {
			isa = PBXNativeTarget;
			buildConfigurationList = 91D4DD121D8999A300AE4D58 /* Build configuration list for PBXNativeTarget "Weathery" */;
			buildPhases = (
				91D4DCF91D8999A300AE4D58 /* Sources */,
				91D4DCFA1D8999A300AE4D58 /* Frameworks */,
				91D4DCFB1D8999A300AE4D58 /* Resources */,
			);
			buildRules = (
			);
			dependencies = (
			);
			name = Weathery;
			productName = Weathery;
			productReference = 91D4DCFD1D8999A300AE4D58 /* Weathery.app */;
			productType = "com.apple.product-type.application";
		};
/* End PBXNativeTarget section */

/* Begin PBXProject section */
		91D4DCF51D8999A300AE4D58 /* Project object */ = {
			isa = PBXProject;
			attributes = {
				LastSwiftUpdateCheck = 0800;
				LastUpgradeCheck = 0800;
				ORGANIZATIONNAME = "Diaconu Stefan";
				TargetAttributes = {
					91D4DCFC1D8999A300AE4D58 = {
						CreatedOnToolsVersion = 8.0;
						DevelopmentTeam = 8Y368U5A7M;
						ProvisioningStyle = Automatic;
					};
				};
			};
			buildConfigurationList = 91D4DCF81D8999A300AE4D58 /* Build configuration list for PBXProject "Weathery" */;
			compatibilityVersion = "Xcode 3.2";
			developmentRegion = English;
			hasScannedForEncodings = 0;
			knownRegions = (
				en,
				Base,
			);
			mainGroup = 91D4DCF41D8999A300AE4D58;
			productRefGroup = 91D4DCFE1D8999A300AE4D58 /* Products */;
			projectDirPath = "";
			projectRoot = "";
			targets = (
				91D4DCFC1D8999A300AE4D58 /* Weathery */,
			);
		};
/* End PBXProject section */

/* Begin PBXResourcesBuildPhase section */
		91D4DCFB1D8999A300AE4D58 /* Resources */ = {
			isa = PBXResourcesBuildPhase;
			buildActionMask = 2147483647;
			files = (
				91D4DD0E1D8999A300AE4D58 /* LaunchScreen.storyboard in Resources */,
				91D4DD0B1D8999A300AE4D58 /* Assets.xcassets in Resources */,
				91D4DD061D8999A300AE4D58 /* Main.storyboard in Resources */,
			);
			runOnlyForDeploymentPostprocessing = 0;
		};
/* End PBXResourcesBuildPhase section */

/* Begin PBXSourcesBuildPhase section */
		91D4DCF91D8999A300AE4D58 /* Sources */ = {
			isa = PBXSourcesBuildPhase;
			buildActionMask = 2147483647;
			files = (
				91D4DD031D8999A300AE4D58 /* ViewController.swift in Sources */,
				91D4DD011D8999A300AE4D58 /* AppDelegate.swift in Sources */,
				91D4DD091D8999A300AE4D58 /* Weathery.xcdatamodeld in Sources */,
			);
			runOnlyForDeploymentPostprocessing = 0;
		};
/* End PBXSourcesBuildPhase section */

/* Begin PBXVariantGroup section */
		91D4DD041D8999A300AE4D58 /* Main.storyboard */ = {
			isa = PBXVariantGroup;
			children = (
				91D4DD051D8999A300AE4D58 /* Base */,
			);
			name = Main.storyboard;
			sourceTree = "<group>";
		};
		91D4DD0C1D8999A300AE4D58 /* LaunchScreen.storyboard */ = {
			isa = PBXVariantGroup;
			children = (
				91D4DD0D1D8999A300AE4D58 /* Base */,
			);
			name = LaunchScreen.storyboard;
			sourceTree = "<group>";
		};
/* End PBXVariantGroup section */

/* Begin XCBuildConfiguration section */
		91D4DD101D8999A300AE4D58 /* Debug */ = {
			isa = XCBuildConfiguration;
			buildSettings = {
				ALWAYS_SEARCH_USER_PATHS = NO;
				CLANG_ANALYZER_NONNULL = YES;
				CLANG_CXX_LANGUAGE_STANDARD = "gnu++0x";
				CLANG_CXX_LIBRARY = "libc++";
				CLANG_ENABLE_MODULES = YES;
				CLANG_ENABLE_OBJC_ARC = YES;
				CLANG_WARN_BOOL_CONVERSION = YES;
				CLANG_WARN_CONSTANT_CONVERSION = YES;
				CLANG_WARN_DIRECT_OBJC_ISA_USAGE = YES_ERROR;
				CLANG_WARN_DOCUMENTATION_COMMENTS = YES;
				CLANG_WARN_EMPTY_BODY = YES;
				CLANG_WARN_ENUM_CONVERSION = YES;
				CLANG_WARN_INFINITE_RECURSION = YES;
				CLANG_WARN_INT_CONVERSION = YES;
				CLANG_WARN_OBJC_ROOT_CLASS = YES_ERROR;
				CLANG_WARN_SUSPICIOUS_MOVES = YES;
				CLANG_WARN_UNREACHABLE_CODE = YES;
				CLANG_WARN__DUPLICATE_METHOD_MATCH = YES;
				"CODE_SIGN_IDENTITY[sdk=iphoneos*]" = "iPhone Developer";
				COPY_PHASE_STRIP = NO;
				DEBUG_INFORMATION_FORMAT = dwarf;
				ENABLE_STRICT_OBJC_MSGSEND = YES;
				ENABLE_TESTABILITY = YES;
				GCC_C_LANGUAGE_STANDARD = gnu99;
				GCC_DYNAMIC_NO_PIC = NO;
				GCC_NO_COMMON_BLOCKS = YES;
				GCC_OPTIMIZATION_LEVEL = 0;
				GCC_PREPROCESSOR_DEFINITIONS = (
					"DEBUG=1",
					"$(inherited)",
				);
				GCC_WARN_64_TO_32_BIT_CONVERSION = YES;
				GCC_WARN_ABOUT_RETURN_TYPE = YES_ERROR;
				GCC_WARN_UNDECLARED_SELECTOR = YES;
				GCC_WARN_UNINITIALIZED_AUTOS = YES_AGGRESSIVE;
				GCC_WARN_UNUSED_FUNCTION = YES;
				GCC_WARN_UNUSED_VARIABLE = YES;
				IPHONEOS_DEPLOYMENT_TARGET = 10.0;
				MTL_ENABLE_DEBUG_INFO = YES;
				ONLY_ACTIVE_ARCH = YES;
				SDKROOT = iphoneos;
				SWIFT_ACTIVE_COMPILATION_CONDITIONS = DEBUG;
				SWIFT_OPTIMIZATION_LEVEL = "-Onone";
				TARGETED_DEVICE_FAMILY = "1,2";
			};
			name = Debug;
		};
		91D4DD111D8999A300AE4D58 /* Release */ = {
			isa = XCBuildConfiguration;
			buildSettings = {
				ALWAYS_SEARCH_USER_PATHS = NO;
				CLANG_ANALYZER_NONNULL = YES;
				CLANG_CXX_LANGUAGE_STANDARD = "gnu++0x";
				CLANG_CXX_LIBRARY = "libc++";
				CLANG_ENABLE_MODULES = YES;
				CLANG_ENABLE_OBJC_ARC = YES;
				CLANG_WARN_BOOL_CONVERSION = YES;
				CLANG_WARN_CONSTANT_CONVERSION = YES;
				CLANG_WARN_DIRECT_OBJC_ISA_USAGE = YES_ERROR;
				CLANG_WARN_DOCUMENTATION_COMMENTS = YES;
				CLANG_WARN_EMPTY_BODY = YES;
				CLANG_WARN_ENUM_CONVERSION = YES;
				CLANG_WARN_INFINITE_RECURSION = YES;
				CLANG_WARN_INT_CONVERSION = YES;
				CLANG_WARN_OBJC_ROOT_CLASS = YES_ERROR;
				CLANG_WARN_SUSPICIOUS_MOVES = YES;
				CLANG_WARN_UNREACHABLE_CODE = YES;
				CLANG_WARN__DUPLICATE_METHOD_MATCH = YES;
				"CODE_SIGN_IDENTITY[sdk=iphoneos*]" = "iPhone Developer";
				COPY_PHASE_STRIP = NO;
				DEBUG_INFORMATION_FORMAT = "dwarf-with-dsym";
				ENABLE_NS_ASSERTIONS = NO;
				ENABLE_STRICT_OBJC_MSGSEND = YES;
				GCC_C_LANGUAGE_STANDARD = gnu99;
				GCC_NO_COMMON_BLOCKS = YES;
				GCC_WARN_64_TO_32_BIT_CONVERSION = YES;
				GCC_WARN_ABOUT_RETURN_TYPE = YES_ERROR;
				GCC_WARN_UNDECLARED_SELECTOR = YES;
				GCC_WARN_UNINITIALIZED_AUTOS = YES_AGGRESSIVE;
				GCC_WARN_UNUSED_FUNCTION = YES;
				GCC_WARN_UNUSED_VARIABLE = YES;
				IPHONEOS_DEPLOYMENT_TARGET = 10.0;
				MTL_ENABLE_DEBUG_INFO = NO;
				SDKROOT = iphoneos;
				SWIFT_OPTIMIZATION_LEVEL = "-Owholemodule";
				TARGETED_DEVICE_FAMILY = "1,2";
				VALIDATE_PRODUCT = YES;
			};
			name = Release;
		};
		91D4DD131D8999A300AE4D58 /* Debug */ = {
			isa = XCBuildConfiguration;
			buildSettings = {
				ASSETCATALOG_COMPILER_APPICON_NAME = AppIcon;
				DEVELOPMENT_TEAM = 8Y368U5A7M;
				INFOPLIST_FILE = Weathery/Info.plist;
				LD_RUNPATH_SEARCH_PATHS = "$(inherited) @executable_path/Frameworks";
				PRODUCT_BUNDLE_IDENTIFIER = com.StefanDIaconu.Weathery;
				PRODUCT_NAME = "$(TARGET_NAME)";
				SWIFT_VERSION = 3.0;
			};
			name = Debug;
		};
		91D4DD141D8999A300AE4D58 /* Release */ = {
			isa = XCBuildConfiguration;
			buildSettings = {
				ASSETCATALOG_COMPILER_APPICON_NAME = AppIcon;
				DEVELOPMENT_TEAM = 8Y368U5A7M;
				INFOPLIST_FILE = Weathery/Info.plist;
				LD_RUNPATH_SEARCH_PATHS = "$(inherited) @executable_path/Frameworks";
				PRODUCT_BUNDLE_IDENTIFIER = com.StefanDIaconu.Weathery;
				PRODUCT_NAME = "$(TARGET_NAME)";
				SWIFT_VERSION = 3.0;
			};
			name = Release;
		};
/* End XCBuildConfiguration section */

/* Begin XCConfigurationList section */
		91D4DCF81D8999A300AE4D58 /* Build configuration list for PBXProject "Weathery" */ = {
			isa = XCConfigurationList;
			buildConfigurations = (
				91D4DD101D8999A300AE4D58 /* Debug */,
				91D4DD111D8999A300AE4D58 /* Release */,
			);
			defaultConfigurationIsVisible = 0;
			defaultConfigurationName = Release;
		};
		91D4DD121D8999A300AE4D58 /* Build configuration list for PBXNativeTarget "Weathery" */ = {
			isa = XCConfigurationList;
			buildConfigurations = (
				91D4DD131D8999A300AE4D58 /* Debug */,
				91D4DD141D8999A300AE4D58 /* Release */,
			);
			defaultConfigurationIsVisible = 0;
		};
/* End XCConfigurationList section */

/* Begin XCVersionGroup section */
		91D4DD071D8999A300AE4D58 /* Weathery.xcdatamodeld */ = {
			isa = XCVersionGroup;
			children = (
				91D4DD081D8999A300AE4D58 /* Weathery.xcdatamodel */,
			);
			currentVersion = 91D4DD081D8999A300AE4D58 /* Weathery.xcdatamodel */;
			path = Weathery.xcdatamodeld;
			sourceTree = "<group>";
			versionGroupType = wrapper.xcdatamodel;
		};
/* End XCVersionGroup section */
	};
	rootObject = 91D4DCF51D8999A300AE4D58 /* Project object */;
}
